<?xml version="1.0" encoding="utf-8"?>
<Project ToolsVersion="4.0" xmlns="http://schemas.microsoft.com/developer/msbuild/2003">
  <ItemGroup>
    <Filter Include="src">
      <UniqueIdentifier>{4FC737F1-C7A5-4376-A066-2A32D752A2FF}</UniqueIdentifier>
      <Extensions>cpp;c;cc;cxx;def;odl;idl;hpj;bat;asm;asmx</Extensions>
    </Filter>
    <Filter Include="src\Core">
      <UniqueIdentifier>{63934854-c016-429a-923f-aa75fd2e24e1}</UniqueIdentifier>
    </Filter>
    <Filter Include="src\Core\AI">
      <UniqueIdentifier>{2f868dd7-c7e5-4031-8afd-185ef39493d6}</UniqueIdentifier>
    </Filter>
    <Filter Include="src\Core\Application">
      <UniqueIdentifier>{e83ca846-5075-41f3-977b-46d2291b3696}</UniqueIdentifier>
    </Filter>
    <Filter Include="src\Core\Base">
      <UniqueIdentifier>{dd0ca24d-5a98-439a-94fc-aebe9b469c45}</UniqueIdentifier>
    </Filter>
    <Filter Include="src\Core\BoltScript">
      <UniqueIdentifier>{5351ca67-cdfd-4bd7-96d2-f2443e0d476b}</UniqueIdentifier>
    </Filter>
    <Filter Include="src\Core\ECS">
      <UniqueIdentifier>{538719b6-a25b-4a4b-9856-74b89b6d3b91}</UniqueIdentifier>
    </Filter>
    <Filter Include="src\Core\GUI">
      <UniqueIdentifier>{12c1c9f4-41f3-4281-a9e3-39ddb6263c58}</UniqueIdentifier>
    </Filter>
    <Filter Include="src\Core\Mapping">
      <UniqueIdentifier>{89fe500b-a312-482c-96a0-1eba16f7c9d6}</UniqueIdentifier>
    </Filter>
    <Filter Include="src\Core\Math">
      <UniqueIdentifier>{d4772c8e-435c-4261-923a-a4c5ea1be77e}</UniqueIdentifier>
    </Filter>
    <Filter Include="src\Core\Project">
      <UniqueIdentifier>{800fb849-9de8-420a-b472-e0edc6d4cc2c}</UniqueIdentifier>
    </Filter>
    <Filter Include="src\Core\Render">
      <UniqueIdentifier>{66ecbcfd-ecbe-4e98-9a60-377f45b8cd17}</UniqueIdentifier>
    </Filter>
    <Filter Include="src\Core\Screen">
      <UniqueIdentifier>{ef3a7b74-5ab3-4f2e-8aa6-7658b1eece9c}</UniqueIdentifier>
    </Filter>
    <Filter Include="src\Core\Shader">
      <UniqueIdentifier>{cddaa67f-ca5e-4882-b776-de7c9023cb23}</UniqueIdentifier>
    </Filter>
    <Filter Include="src\Core\Shortcuts">
      <UniqueIdentifier>{e3bcc3b2-e8ae-48d6-9f76-4ea282647289}</UniqueIdentifier>
    </Filter>
    <Filter Include="src\Core\Sound">
      <UniqueIdentifier>{24f544b4-feb1-4a05-9458-f8bb994e027e}</UniqueIdentifier>
    </Filter>
    <Filter Include="src\GameMockup">
      <UniqueIdentifier>{08213342-44d0-4c6f-8385-a66c7ff9c4a3}</UniqueIdentifier>
    </Filter>
    <Filter Include="src\GameMockup\Application">
      <UniqueIdentifier>{d3fcea67-1eca-4720-a658-33c6195843f7}</UniqueIdentifier>
    </Filter>
    <Filter Include="src\GameMockup\ECS">
      <UniqueIdentifier>{0637fe1f-e441-468b-8955-9352e8fb4e36}</UniqueIdentifier>
    </Filter>
    <Filter Include="src\GameMockup\Screen">
      <UniqueIdentifier>{ccba93df-3844-4841-bbfc-7e20d2c1c89a}</UniqueIdentifier>
    </Filter>
    <Filter Include="src\GameMockup\ECS\System">
      <UniqueIdentifier>{3be93ee5-db26-4fd9-9e58-b8f19c3aa854}</UniqueIdentifier>
    </Filter>
    <Filter Include="src\Core\Base\Thread">
      <UniqueIdentifier>{4b9f3e85-5404-4291-b51b-b8bcc4643e1e}</UniqueIdentifier>
    </Filter>
    <Filter Include="src\Core\ECS\Component">
      <UniqueIdentifier>{436055ef-6636-403a-8358-d2834618c18b}</UniqueIdentifier>
    </Filter>
    <Filter Include="src\Core\ECS\Core">
      <UniqueIdentifier>{891cebbd-0cb2-4fbf-8d00-c405f1d10692}</UniqueIdentifier>
    </Filter>
    <Filter Include="src\Core\ECS\Mapping">
      <UniqueIdentifier>{6f7e85db-a2b1-4e44-afe5-59aa7eb65dff}</UniqueIdentifier>
    </Filter>
    <Filter Include="src\Core\ECS\System">
      <UniqueIdentifier>{5b0767cb-e1bb-457d-a1b1-be6e3b2abf9f}</UniqueIdentifier>
    </Filter>
    <Filter Include="src\Core\Registries">
      <UniqueIdentifier>{e521259b-8be0-4799-8dbb-1acf1db766a5}</UniqueIdentifier>
    </Filter>
    <Filter Include="src\Core\Animation">
      <UniqueIdentifier>{739311bf-92cc-45f0-b318-5bc48b1d08a4}</UniqueIdentifier>
    </Filter>
    <Filter Include="src\Core\PyBoltECSAPI">
      <UniqueIdentifier>{9c431ba2-9e3c-4079-b1f1-211ac6b8ed2b}</UniqueIdentifier>
    </Filter>
  </ItemGroup>
  <ItemGroup>
    <ClCompile Include="..\..\src\Core\AI\Core.AI.BehaviourNode.cpp">
      <Filter>src\Core\AI</Filter>
    </ClCompile>
    <ClCompile Include="..\..\src\Core\AI\Core.AI.BehaviourService.cpp">
      <Filter>src\Core\AI</Filter>
    </ClCompile>
    <ClCompile Include="..\..\src\Core\AI\Core.AI.BehaviourTree.cpp">
      <Filter>src\Core\AI</Filter>
    </ClCompile>
    <ClCompile Include="..\..\src\Core\AI\Core.AI.BlackBoard.cpp">
      <Filter>src\Core\AI</Filter>
    </ClCompile>
    <ClCompile Include="..\..\src\Core\AI\Core.AI.BlackBoardVariable.cpp">
      <Filter>src\Core\AI</Filter>
    </ClCompile>
    <ClCompile Include="..\..\src\Core\Application\Core.Application.GlobalAccess.cpp">
      <Filter>src\Core\Application</Filter>
    </ClCompile>
    <ClCompile Include="..\..\src\Core\Application\Core.Application.Application.cpp">
      <Filter>src\Core\Application</Filter>
    </ClCompile>
    <ClCompile Include="..\..\src\Core\Base\Thread\Core.Base.Thread.Thread.cpp">
      <Filter>src\Core\Base\Thread</Filter>
    </ClCompile>
    <ClCompile Include="..\..\src\Core\Base\Thread\Core.Base.Thread.ThreadProcessor.cpp">
      <Filter>src\Core\Base\Thread</Filter>
    </ClCompile>
    <ClCompile Include="..\..\src\Core\Base\Core.Base.ClipboardWin32.cpp">
      <Filter>src\Core\Base</Filter>
    </ClCompile>
    <ClCompile Include="..\..\src\Core\Base\Core.Base.ResourceManager.cpp">
      <Filter>src\Core\Base</Filter>
    </ClCompile>
    <ClCompile Include="..\..\src\Core\Base\Core.Base.Utilities.cpp">
      <Filter>src\Core\Base</Filter>
    </ClCompile>
    <ClCompile Include="..\..\src\Core\Base\Core.Base.Variant.cpp">
      <Filter>src\Core\Base</Filter>
    </ClCompile>
    <ClCompile Include="..\..\src\Core\BoltScript\Core.BoltScript.BoltScriptEnvironment.cpp">
      <Filter>src\Core\BoltScript</Filter>
    </ClCompile>
    <ClCompile Include="..\..\src\Core\ECS\Component\Core.ECS.Component.Direction.cpp">
      <Filter>src\Core\ECS\Component</Filter>
    </ClCompile>
    <ClCompile Include="..\..\src\Core\ECS\Component\Core.ECS.Component.FieldOfView.cpp">
      <Filter>src\Core\ECS\Component</Filter>
    </ClCompile>
    <ClCompile Include="..\..\src\Core\ECS\Component\Core.ECS.Component.OcclusionFactor.cpp">
      <Filter>src\Core\ECS\Component</Filter>
    </ClCompile>
    <ClCompile Include="..\..\src\Core\ECS\Component\Core.ECS.Component.SimplePhysic.cpp">
      <Filter>src\Core\ECS\Component</Filter>
    </ClCompile>
    <ClCompile Include="..\..\src\Core\ECS\Component\Core.ECS.Component.Sound.cpp">
      <Filter>src\Core\ECS\Component</Filter>
    </ClCompile>
    <ClCompile Include="..\..\src\Core\ECS\Component\Core.ECS.Component.Text.cpp">
      <Filter>src\Core\ECS\Component</Filter>
    </ClCompile>
    <ClCompile Include="..\..\src\Core\ECS\Component\Core.ECS.Component.UserInput.cpp">
      <Filter>src\Core\ECS\Component</Filter>
    </ClCompile>
    <ClCompile Include="..\..\src\Core\ECS\Component\Core.ECS.Component.ZDepth.cpp">
      <Filter>src\Core\ECS\Component</Filter>
    </ClCompile>
    <ClCompile Include="..\..\src\Core\ECS\Component\Core.ECS.Component.BehaviourTree.cpp">
      <Filter>src\Core\ECS\Component</Filter>
    </ClCompile>
    <ClCompile Include="..\..\src\Core\ECS\Component\Core.ECS.Component.Color.cpp">
      <Filter>src\Core\ECS\Component</Filter>
    </ClCompile>
    <ClCompile Include="..\..\src\Core\ECS\Core\Core.ECS.Core.Entity.cpp">
      <Filter>src\Core\ECS\Core</Filter>
    </ClCompile>
    <ClCompile Include="..\..\src\Core\ECS\Core\Core.ECS.Core.System.cpp">
      <Filter>src\Core\ECS\Core</Filter>
    </ClCompile>
    <ClCompile Include="..\..\src\Core\ECS\Core\Core.ECS.Core.World.cpp">
      <Filter>src\Core\ECS\Core</Filter>
    </ClCompile>
    <ClCompile Include="..\..\src\Core\ECS\Core\Core.ECS.Core.Component.cpp">
      <Filter>src\Core\ECS\Core</Filter>
    </ClCompile>
    <ClCompile Include="..\..\src\Core\ECS\System\Core.ECS.System.InputConverter.cpp">
      <Filter>src\Core\ECS\System</Filter>
    </ClCompile>
    <ClCompile Include="..\..\src\Core\ECS\System\Core.ECS.System.SightSystem.cpp">
      <Filter>src\Core\ECS\System</Filter>
    </ClCompile>
    <ClCompile Include="..\..\src\Core\ECS\System\Core.ECS.System.SimplePhysics.cpp">
      <Filter>src\Core\ECS\System</Filter>
    </ClCompile>
    <ClCompile Include="..\..\src\Core\ECS\System\Core.ECS.System.SimplerRenderer.cpp">
      <Filter>src\Core\ECS\System</Filter>
    </ClCompile>
    <ClCompile Include="..\..\src\Core\ECS\System\Core.ECS.System.SoundMixer.cpp">
      <Filter>src\Core\ECS\System</Filter>
    </ClCompile>
    <ClCompile Include="..\..\src\Core\ECS\System\Core.ECS.System.SoundOcclusion.cpp">
      <Filter>src\Core\ECS\System</Filter>
    </ClCompile>
    <ClCompile Include="..\..\src\Core\ECS\System\Core.ECS.System.BehaviourTreeSystem.cpp">
      <Filter>src\Core\ECS\System</Filter>
    </ClCompile>
    <ClCompile Include="..\..\src\Core\ECS\Mapping\Core.ECS.Mapping.GlobalEntityMap.cpp">
      <Filter>src\Core\ECS\Mapping</Filter>
    </ClCompile>
    <ClCompile Include="..\..\src\Core\ECS\Mapping\Core.ECS.Mapping.ScreenEntityMap.cpp">
      <Filter>src\Core\ECS\Mapping</Filter>
    </ClCompile>
    <ClCompile Include="..\..\src\Core\GUI\Core.GUI.ConsoleWidget.cpp">
      <Filter>src\Core\GUI</Filter>
    </ClCompile>
    <ClCompile Include="..\..\src\Core\Mapping\Core.Mapping.PhysicEntityGrid.cpp">
      <Filter>src\Core\Mapping</Filter>
    </ClCompile>
    <ClCompile Include="..\..\src\Core\Math\Core.Math.Utils.cpp">
      <Filter>src\Core\Math</Filter>
    </ClCompile>
    <ClCompile Include="..\..\src\Core\Math\Core.Math.Edge.cpp">
      <Filter>src\Core\Math</Filter>
    </ClCompile>
    <ClCompile Include="..\..\src\Core\Math\Core.Math.Ray.cpp">
      <Filter>src\Core\Math</Filter>
    </ClCompile>
    <ClCompile Include="..\..\src\Core\Math\Core.Math.Triangle.cpp">
      <Filter>src\Core\Math</Filter>
    </ClCompile>
    <ClCompile Include="..\..\src\Core\Project\Core.Project.Project.cpp">
      <Filter>src\Core\Project</Filter>
    </ClCompile>
    <ClCompile Include="..\..\src\Core\Render\Core.Render.LayerEngine.cpp">
      <Filter>src\Core\Render</Filter>
    </ClCompile>
    <ClCompile Include="..\..\src\Core\Render\Core.Render.Layer.cpp">
      <Filter>src\Core\Render</Filter>
    </ClCompile>
    <ClCompile Include="..\..\src\Core\Screen\Core.Screen.Screen.cpp">
      <Filter>src\Core\Screen</Filter>
    </ClCompile>
    <ClCompile Include="..\..\src\Core\Shader\Core.Shader.ShaderFileLibrary.cpp">
      <Filter>src\Core\Shader</Filter>
    </ClCompile>
    <ClCompile Include="..\..\src\Core\Shader\Core.Shader.Shader2D.cpp">
      <Filter>src\Core\Shader</Filter>
    </ClCompile>
    <ClCompile Include="..\..\src\Core\Shader\Core.Shader.Shader3D.cpp">
      <Filter>src\Core\Shader</Filter>
    </ClCompile>
    <ClCompile Include="..\..\src\Core\Shortcuts\Core.Shortcuts.Shortcuts.cpp">
      <Filter>src\Core\Shortcuts</Filter>
    </ClCompile>
    <ClCompile Include="..\..\src\Core\Sound\Core.Sound.FX.cpp">
      <Filter>src\Core\Sound</Filter>
    </ClCompile>
    <ClCompile Include="..\..\src\Core\Registries\Core.Registries.ShaderRegistry.cpp">
      <Filter>src\Core\Registries</Filter>
    </ClCompile>
    <ClCompile Include="..\..\src\GameMockup\Application\GameMockup.Application.GameApplication.cpp">
      <Filter>src\GameMockup\Application</Filter>
    </ClCompile>
    <ClCompile Include="..\..\src\GameMockup\ECS\System\GameMockup.ECS.System.SquareController.cpp">
      <Filter>src\GameMockup\ECS\System</Filter>
    </ClCompile>
    <ClCompile Include="..\..\src\GameMockup\Screen\GameMockup.Screen.InfiltratorScreen.cpp">
      <Filter>src\GameMockup\Screen</Filter>
    </ClCompile>
    <ClCompile Include="..\..\src\GameMockup\Screen\GameMockup.Screen.ConsoleScreen.cpp">
      <Filter>src\GameMockup\Screen</Filter>
    </ClCompile>
    <ClCompile Include="..\..\src\GameMockup\Screen\GameMockup.Screen.GameScreen.cpp">
      <Filter>src\GameMockup\Screen</Filter>
    </ClCompile>
    <ClCompile Include="..\..\src\Core\Core.main.cpp">
      <Filter>src\Core</Filter>
    </ClCompile>
    <ClCompile Include="..\..\src\Core\Screen\Core.Screen.ScreenNoProject.cpp">
      <Filter>src\Core\Screen</Filter>
    </ClCompile>
    <ClCompile Include="..\..\src\Core\ECS\Component\Core.ECS.Component.Transformation.cpp">
      <Filter>src\Core\ECS\Component</Filter>
    </ClCompile>
    <ClCompile Include="..\..\src\Core\PyBoltECSAPI\command.cpp">
      <Filter>src\Core\PyBoltECSAPI</Filter>
    </ClCompile>
    <ClCompile Include="..\..\src\Core\PyBoltECSAPI\mod.cpp">
      <Filter>src\Core\PyBoltECSAPI</Filter>
    </ClCompile>
    <ClCompile Include="..\..\src\GameMockup\Screen\GameMockup.Screen.PremierScreen.cpp">
      <Filter>src\GameMockup\Screen</Filter>
    </ClCompile>
    <ClCompile Include="..\..\src\Core\Registries\Core.Registries.ComponentRegistry.cpp">
      <Filter>src\Core\Registries</Filter>
    </ClCompile>
    <ClCompile Include="..\..\src\Core\Registries\Core.Registries.EntityRegistry.cpp">
      <Filter>src\Core\Registries</Filter>
    </ClCompile>
    <ClCompile Include="..\..\src\Core\Registries\Core.Registries.SystemRegistry.cpp">
      <Filter>src\Core\Registries</Filter>
    </ClCompile>
    <ClCompile Include="..\..\src\Core\Animation\Core.Animation.Animation.cpp">
      <Filter>src\Core\Animation</Filter>
    </ClCompile>
    <ClCompile Include="..\..\src\Core\ECS\Component\Core.ECS.Component.Animations.cpp">
      <Filter>src\Core\ECS\Component</Filter>
    </ClCompile>
    <ClCompile Include="..\..\src\GameMockup\Screen\GameMockup.Screen.AnimationTestScreen.cpp">
      <Filter>src\GameMockup\Screen</Filter>
    </ClCompile>
    <ClCompile Include="..\..\src\Core\ECS\System\Core.ECS.System.AnimationRenderer.cpp">
      <Filter>src\Core\ECS\System</Filter>
    </ClCompile>
    <ClCompile Include="..\..\src\GameMockup\Screen\GameMockup.Screen.EntityGridDebug.cpp">
      <Filter>src\GameMockup\Screen</Filter>
    </ClCompile>
    <ClCompile Include="..\..\src\Core\Base\Core.Base.Clipboard.cpp">
      <Filter>src\Core\Base</Filter>
    </ClCompile>
  </ItemGroup>
  <ItemGroup>
    <ClInclude Include="..\..\src\Core\AI\Core.AI.BehaviourNode.h">
      <Filter>src\Core\AI</Filter>
    </ClInclude>
    <ClInclude Include="..\..\src\Core\AI\Core.AI.BehaviourService.h">
      <Filter>src\Core\AI</Filter>
    </ClInclude>
    <ClInclude Include="..\..\src\Core\AI\Core.AI.BehaviourTree.h">
      <Filter>src\Core\AI</Filter>
    </ClInclude>
    <ClInclude Include="..\..\src\Core\AI\Core.AI.BlackBoard.h">
      <Filter>src\Core\AI</Filter>
    </ClInclude>
    <ClInclude Include="..\..\src\Core\AI\Core.AI.BlackBoardVariable.h">
      <Filter>src\Core\AI</Filter>
    </ClInclude>
    <ClInclude Include="..\..\src\Core\Application\Core.Application.Application.h">
      <Filter>src\Core\Application</Filter>
    </ClInclude>
    <ClInclude Include="..\..\src\Core\Application\Core.Application.GlobalAccess.h">
      <Filter>src\Core\Application</Filter>
    </ClInclude>
    <ClInclude Include="..\..\src\Core\Base\Thread\Core.Base.Thread.Thread.h">
      <Filter>src\Core\Base\Thread</Filter>
    </ClInclude>
    <ClInclude Include="..\..\src\Core\Base\Thread\Core.Base.Thread.ThreadProcessor.h">
      <Filter>src\Core\Base\Thread</Filter>
    </ClInclude>
    <ClInclude Include="..\..\src\Core\Base\Core.Base.GeneralEnums.h">
      <Filter>src\Core\Base</Filter>
    </ClInclude>
    <ClInclude Include="..\..\src\Core\Base\Core.Base.ResourceManager.h">
      <Filter>src\Core\Base</Filter>
    </ClInclude>
    <ClInclude Include="..\..\src\Core\Base\Core.Base.Utilities.h">
      <Filter>src\Core\Base</Filter>
    </ClInclude>
    <ClInclude Include="..\..\src\Core\Base\Core.Base.Variant.h">
      <Filter>src\Core\Base</Filter>
    </ClInclude>
    <ClInclude Include="..\..\src\Core\BoltScript\Core.BoltScript.BoltScriptEnvironment.h">
      <Filter>src\Core\BoltScript</Filter>
    </ClInclude>
    <ClInclude Include="..\..\src\Core\ECS\Component\Core.ECS.Component.Color.h">
      <Filter>src\Core\ECS\Component</Filter>
    </ClInclude>
    <ClInclude Include="..\..\src\Core\ECS\Component\Core.ECS.Component.Direction.h">
      <Filter>src\Core\ECS\Component</Filter>
    </ClInclude>
    <ClInclude Include="..\..\src\Core\ECS\Component\Core.ECS.Component.FieldOfView.h">
      <Filter>src\Core\ECS\Component</Filter>
    </ClInclude>
    <ClInclude Include="..\..\src\Core\ECS\Component\Core.ECS.Component.OcclusionFactor.h">
      <Filter>src\Core\ECS\Component</Filter>
    </ClInclude>
    <ClInclude Include="..\..\src\Core\ECS\Component\Core.ECS.Component.SimplePhysic.h">
      <Filter>src\Core\ECS\Component</Filter>
    </ClInclude>
    <ClInclude Include="..\..\src\Core\ECS\Component\Core.ECS.Component.Sound.h">
      <Filter>src\Core\ECS\Component</Filter>
    </ClInclude>
    <ClInclude Include="..\..\src\Core\ECS\Component\Core.ECS.Component.Text.h">
      <Filter>src\Core\ECS\Component</Filter>
    </ClInclude>
    <ClInclude Include="..\..\src\Core\ECS\Component\Core.ECS.Component.UserInput.h">
      <Filter>src\Core\ECS\Component</Filter>
    </ClInclude>
    <ClInclude Include="..\..\src\Core\ECS\Component\Core.ECS.Component.ZDepth.h">
      <Filter>src\Core\ECS\Component</Filter>
    </ClInclude>
    <ClInclude Include="..\..\src\Core\ECS\Component\Core.ECS.Component.BehaviourTree.h">
      <Filter>src\Core\ECS\Component</Filter>
    </ClInclude>
    <ClInclude Include="..\..\src\Core\ECS\Core\Core.ECS.Core.Entity.h">
      <Filter>src\Core\ECS\Core</Filter>
    </ClInclude>
    <ClInclude Include="..\..\src\Core\ECS\Core\Core.ECS.Core.System.h">
      <Filter>src\Core\ECS\Core</Filter>
    </ClInclude>
    <ClInclude Include="..\..\src\Core\ECS\Core\Core.ECS.Core.World.h">
      <Filter>src\Core\ECS\Core</Filter>
    </ClInclude>
    <ClInclude Include="..\..\src\Core\ECS\Core\Core.ECS.Core.Component.h">
      <Filter>src\Core\ECS\Core</Filter>
    </ClInclude>
    <ClInclude Include="..\..\src\Core\ECS\System\Core.ECS.System.BehaviourTreeSystem.h">
      <Filter>src\Core\ECS\System</Filter>
    </ClInclude>
    <ClInclude Include="..\..\src\Core\ECS\System\Core.ECS.System.InputConverter.h">
      <Filter>src\Core\ECS\System</Filter>
    </ClInclude>
    <ClInclude Include="..\..\src\Core\ECS\System\Core.ECS.System.SightSystem.h">
      <Filter>src\Core\ECS\System</Filter>
    </ClInclude>
    <ClInclude Include="..\..\src\Core\ECS\System\Core.ECS.System.SimplePhysics.h">
      <Filter>src\Core\ECS\System</Filter>
    </ClInclude>
    <ClInclude Include="..\..\src\Core\ECS\System\Core.ECS.System.SimplerRenderer.h">
      <Filter>src\Core\ECS\System</Filter>
    </ClInclude>
    <ClInclude Include="..\..\src\Core\ECS\System\Core.ECS.System.SoundMixer.h">
      <Filter>src\Core\ECS\System</Filter>
    </ClInclude>
    <ClInclude Include="..\..\src\Core\ECS\System\Core.ECS.System.SoundOcclusion.h">
      <Filter>src\Core\ECS\System</Filter>
    </ClInclude>
    <ClInclude Include="..\..\src\Core\ECS\Mapping\Core.ECS.Mapping.GlobalEntityMap.h">
      <Filter>src\Core\ECS\Mapping</Filter>
    </ClInclude>
    <ClInclude Include="..\..\src\Core\ECS\Mapping\Core.ECS.Mapping.ScreenEntityMap.h">
      <Filter>src\Core\ECS\Mapping</Filter>
    </ClInclude>
    <ClInclude Include="..\..\src\Core\GUI\Core.GUI.ConsoleWidget.h">
      <Filter>src\Core\GUI</Filter>
    </ClInclude>
    <ClInclude Include="..\..\src\Core\Mapping\Core.Mapping.PhysicEntityGrid.h">
      <Filter>src\Core\Mapping</Filter>
    </ClInclude>
    <ClInclude Include="..\..\src\Core\Math\Core.Math.Triangle.h">
      <Filter>src\Core\Math</Filter>
    </ClInclude>
    <ClInclude Include="..\..\src\Core\Math\Core.Math.Utils.h">
      <Filter>src\Core\Math</Filter>
    </ClInclude>
    <ClInclude Include="..\..\src\Core\Math\Core.Math.Edge.h">
      <Filter>src\Core\Math</Filter>
    </ClInclude>
    <ClInclude Include="..\..\src\Core\Math\Core.Math.Ray.h">
      <Filter>src\Core\Math</Filter>
    </ClInclude>
    <ClInclude Include="..\..\src\Core\Project\Core.Project.Project.h">
      <Filter>src\Core\Project</Filter>
    </ClInclude>
    <ClInclude Include="..\..\src\Core\Render\Core.Render.Layer.h">
      <Filter>src\Core\Render</Filter>
    </ClInclude>
    <ClInclude Include="..\..\src\Core\Render\Core.Render.LayerEngine.h">
      <Filter>src\Core\Render</Filter>
    </ClInclude>
    <ClInclude Include="..\..\src\Core\Screen\Core.Screen.Screen.h">
      <Filter>src\Core\Screen</Filter>
    </ClInclude>
    <ClInclude Include="..\..\src\Core\Shader\Core.Shader.ShaderFileLibrary.h">
      <Filter>src\Core\Shader</Filter>
    </ClInclude>
    <ClInclude Include="..\..\src\Core\Shader\Core.Shader.Shader2D.h">
      <Filter>src\Core\Shader</Filter>
    </ClInclude>
    <ClInclude Include="..\..\src\Core\Shader\Core.Shader.Shader3D.h">
      <Filter>src\Core\Shader</Filter>
    </ClInclude>
    <ClInclude Include="..\..\src\Core\Shortcuts\Core.Shortcuts.Shortcuts.h">
      <Filter>src\Core\Shortcuts</Filter>
    </ClInclude>
    <ClInclude Include="..\..\src\Core\Sound\Core.Sound.FX.h">
      <Filter>src\Core\Sound</Filter>
    </ClInclude>
    <ClInclude Include="..\..\src\Core\Registries\Core.Registries.ShaderRegistry.h">
      <Filter>src\Core\Registries</Filter>
    </ClInclude>
    <ClInclude Include="..\..\src\GameMockup\Application\GameMockup.Application.GameApplication.h">
      <Filter>src\GameMockup\Application</Filter>
    </ClInclude>
    <ClInclude Include="..\..\src\GameMockup\ECS\System\GameMockup.ECS.System.SquareController.h">
      <Filter>src\GameMockup\ECS\System</Filter>
    </ClInclude>
    <ClInclude Include="..\..\src\GameMockup\Screen\GameMockup.Screen.GameScreen.h">
      <Filter>src\GameMockup\Screen</Filter>
    </ClInclude>
    <ClInclude Include="..\..\src\GameMockup\Screen\GameMockup.Screen.InfiltratorScreen.h">
      <Filter>src\GameMockup\Screen</Filter>
    </ClInclude>
    <ClInclude Include="..\..\src\GameMockup\Screen\GameMockup.Screen.ConsoleScreen.h">
      <Filter>src\GameMockup\Screen</Filter>
    </ClInclude>
    <ClInclude Include="..\..\src\Core\Screen\Core.Screen.ScreenNoProject.h">
      <Filter>src\Core\Screen</Filter>
    </ClInclude>
    <ClInclude Include="..\..\src\Core\ECS\Component\Core.ECS.Component.Transformation.h">
      <Filter>src\Core\ECS\Component</Filter>
    </ClInclude>
    <ClInclude Include="..\..\src\Core\PyBoltECSAPI\mod.h">
      <Filter>src\Core\PyBoltECSAPI</Filter>
    </ClInclude>
    <ClInclude Include="..\..\src\Core\PyBoltECSAPI\command.h">
      <Filter>src\Core\PyBoltECSAPI</Filter>
    </ClInclude>
    <ClInclude Include="..\..\src\GameMockup\Screen\GameMockup.Screen.PremierScreen.h">
      <Filter>src\GameMockup\Screen</Filter>
    </ClInclude>
    <ClInclude Include="..\..\src\Core\Registries\Core.Registries.SystemRegistry.h">
      <Filter>src\Core\Registries</Filter>
    </ClInclude>
    <ClInclude Include="..\..\src\Core\Registries\Core.Registries.ComponentRegistry.h">
      <Filter>src\Core\Registries</Filter>
    </ClInclude>
    <ClInclude Include="..\..\src\Core\Registries\Core.Registries.EntityRegistry.h">
      <Filter>src\Core\Registries</Filter>
    </ClInclude>
    <ClInclude Include="..\..\src\Core\Registries\Core.Registries.ItemFileRelatedRegistry.h">
      <Filter>src\Core\Registries</Filter>
    </ClInclude>
    <ClInclude Include="..\..\src\Core\Animation\Core.Animation.Animation.h">
      <Filter>src\Core\Animation</Filter>
    </ClInclude>
    <ClInclude Include="..\..\src\Core\ECS\Component\Core.ECS.Component.Animations.h">
      <Filter>src\Core\ECS\Component</Filter>
    </ClInclude>
    <ClInclude Include="..\..\src\GameMockup\Screen\GameMockup.Screen.AnimationTestScreen.h">
      <Filter>src\GameMockup\Screen</Filter>
    </ClInclude>
    <ClInclude Include="..\..\src\Core\ECS\System\Core.ECS.System.AnimationRenderer.h">
      <Filter>src\Core\ECS\System</Filter>
    </ClInclude>
    <ClInclude Include="..\..\src\Core\Base\Core.Base.FileSystem.h">
      <Filter>src\Core\Base</Filter>
    </ClInclude>
    <ClInclude Include="..\..\src\GameMockup\Screen\GameMockup.Screen.EntityGridDebug.h">
      <Filter>src\GameMockup\Screen</Filter>
    </ClInclude>
    <ClInclude Include="..\..\src\Core\Base\Core.Base.Clipboard.h">
      <Filter>src\Core\Base</Filter>
    </ClInclude>
  </ItemGroup>
</Project>