<?xml version="1.0" encoding="utf-8"?>
<Project ToolsVersion="4.0" xmlns="http://schemas.microsoft.com/developer/msbuild/2003">
  <ItemGroup>
    <Filter Include="Fichiers sources">
      <UniqueIdentifier>{4FC737F1-C7A5-4376-A066-2A32D752A2FF}</UniqueIdentifier>
      <Extensions>cpp;c;cc;cxx;def;odl;idl;hpj;bat;asm;asmx</Extensions>
    </Filter>
    <Filter Include="Fichiers d%27en-tête">
      <UniqueIdentifier>{93995380-89BD-4b04-88EB-625FBE52EBFB}</UniqueIdentifier>
      <Extensions>h;hh;hpp;hxx;hm;inl;inc;xsd</Extensions>
    </Filter>
    <Filter Include="Fichiers de ressources">
      <UniqueIdentifier>{67DA6AB6-F800-4c08-8B7A-83BB121AAD01}</UniqueIdentifier>
      <Extensions>rc;ico;cur;bmp;dlg;rc2;rct;bin;rgs;gif;jpg;jpeg;jpe;resx;tiff;tif;png;wav;mfcribbon-ms</Extensions>
    </Filter>
    <Filter Include="Fichiers sources\MainMenu">
      <UniqueIdentifier>{dcc41c62-9c8b-4b18-9d68-fb05dd98c86d}</UniqueIdentifier>
    </Filter>
    <Filter Include="Fichiers sources\MainMenu\MenuItem">
      <UniqueIdentifier>{4c8fd09a-275c-411c-930e-7605db518da9}</UniqueIdentifier>
    </Filter>
    <Filter Include="Fichiers sources\Math">
      <UniqueIdentifier>{f6a9514b-0f3f-4f6f-a0d2-71faf71a4aee}</UniqueIdentifier>
    </Filter>
    <Filter Include="Fichiers sources\Base">
      <UniqueIdentifier>{69422064-0814-4d12-a7d2-43701b7f32c2}</UniqueIdentifier>
    </Filter>
    <Filter Include="Fichiers sources\Application">
      <UniqueIdentifier>{232d7918-3cd6-4d59-b8b4-936c5f186440}</UniqueIdentifier>
    </Filter>
    <Filter Include="Fichiers sources\MainMenu\MenuPage">
      <UniqueIdentifier>{4d84369f-0a37-4cd7-b9fe-29d345e2d646}</UniqueIdentifier>
    </Filter>
    <Filter Include="Fichiers sources\Screen">
      <UniqueIdentifier>{0f703fee-c5a5-4e0b-83ec-37618d5aa7d9}</UniqueIdentifier>
    </Filter>
    <Filter Include="Fichiers sources\ECS">
      <UniqueIdentifier>{d8e5d294-2be5-4c3a-961f-861ce111568f}</UniqueIdentifier>
    </Filter>
    <Filter Include="Fichiers sources\GameMockup">
      <UniqueIdentifier>{b50f1859-08f7-4914-884c-54e69f6291bc}</UniqueIdentifier>
    </Filter>
    <Filter Include="Fichiers sources\GameMockup\Components">
      <UniqueIdentifier>{dde68560-6861-4777-a9b1-d2dfcd00794b}</UniqueIdentifier>
    </Filter>
    <Filter Include="Fichiers sources\GameMockup\Systems">
      <UniqueIdentifier>{f9f48c9d-0a63-4da9-b8bf-b7cf0559cc44}</UniqueIdentifier>
    </Filter>
    <Filter Include="Fichiers sources\Shortcuts">
      <UniqueIdentifier>{9ebf1ece-30d3-4e0b-965a-f54de889bdee}</UniqueIdentifier>
    </Filter>
    <Filter Include="Fichiers sources\EXTERNAL">
      <UniqueIdentifier>{19d0c6f7-3c6a-4c77-b412-f496f4350895}</UniqueIdentifier>
    </Filter>
    <Filter Include="Fichiers sources\EXTERNAL\tinyxml2">
      <UniqueIdentifier>{1a6ff4d2-2e4b-4eb5-8c23-98a0121a3749}</UniqueIdentifier>
    </Filter>
    <Filter Include="Fichiers sources\ECS\Core">
      <UniqueIdentifier>{af6311e2-2111-45fb-97a5-1ae14a28c52f}</UniqueIdentifier>
    </Filter>
    <Filter Include="Fichiers sources\ECS\Utilities">
      <UniqueIdentifier>{6cfe0a1c-4e17-4c4c-b863-941432fd3e8b}</UniqueIdentifier>
    </Filter>
    <Filter Include="Fichiers sources\GUI">
      <UniqueIdentifier>{3e2414e1-847a-4625-bdb6-68016e8fd720}</UniqueIdentifier>
    </Filter>
    <Filter Include="Fichiers sources\BoltScript">
      <UniqueIdentifier>{6c3a8a3e-fd2d-40fe-937c-0663830d863c}</UniqueIdentifier>
    </Filter>
  </ItemGroup>
  <ItemGroup>
    <ClCompile Include="..\..\src\main.cpp">
      <Filter>Fichiers sources</Filter>
    </ClCompile>
    <ClCompile Include="..\..\src\MainMenu\MenuItem\MenuItem.cpp">
      <Filter>Fichiers sources\MainMenu\MenuItem</Filter>
    </ClCompile>
    <ClCompile Include="..\..\src\Math\Rectangle.cpp">
      <Filter>Fichiers sources\Math</Filter>
    </ClCompile>
    <ClCompile Include="..\..\src\Math\Vector2d.cpp">
      <Filter>Fichiers sources\Math</Filter>
    </ClCompile>
    <ClCompile Include="..\..\src\Base\Drawable.cpp">
      <Filter>Fichiers sources\Base</Filter>
    </ClCompile>
    <ClCompile Include="..\..\src\MainMenu\MenuItem\MenuItem.PageSwaper.cpp">
      <Filter>Fichiers sources\MainMenu\MenuItem</Filter>
    </ClCompile>
    <ClCompile Include="..\..\src\Application\Application.cpp">
      <Filter>Fichiers sources\Application</Filter>
    </ClCompile>
    <ClCompile Include="..\..\src\MainMenu\MenuPage\MenuPage.cpp">
      <Filter>Fichiers sources\MainMenu\MenuPage</Filter>
    </ClCompile>
    <ClCompile Include="..\..\src\MainMenu\MainMenu.cpp">
      <Filter>Fichiers sources\MainMenu</Filter>
    </ClCompile>
    <ClCompile Include="..\..\src\MainMenu\MenuItem\MenuItem.Callback.cpp">
      <Filter>Fichiers sources\MainMenu\MenuItem</Filter>
    </ClCompile>
    <ClCompile Include="..\..\src\Screen\Screen.cpp">
      <Filter>Fichiers sources\Screen</Filter>
    </ClCompile>
    <ClCompile Include="..\..\src\Screen\ScreenMainMenu.cpp">
      <Filter>Fichiers sources\Screen</Filter>
    </ClCompile>
    <ClCompile Include="..\..\src\GameMockup\GameScreen.cpp">
      <Filter>Fichiers sources\GameMockup</Filter>
    </ClCompile>
    <ClCompile Include="..\..\src\GameMockup\GameApplication.cpp">
      <Filter>Fichiers sources\GameMockup</Filter>
    </ClCompile>
    <ClCompile Include="..\..\src\GameMockup\Components\Color.cpp">
      <Filter>Fichiers sources\GameMockup\Components</Filter>
    </ClCompile>
    <ClCompile Include="..\..\src\GameMockup\Components\Position.cpp">
      <Filter>Fichiers sources\GameMockup\Components</Filter>
    </ClCompile>
    <ClCompile Include="..\..\src\GameMockup\Components\Size.cpp">
      <Filter>Fichiers sources\GameMockup\Components</Filter>
    </ClCompile>
    <ClCompile Include="..\..\src\GameMockup\Systems\SimplerRenderer.cpp">
      <Filter>Fichiers sources\GameMockup\Systems</Filter>
    </ClCompile>
    <ClCompile Include="..\..\src\Shortcuts\Shortcuts.cpp">
      <Filter>Fichiers sources\Shortcuts</Filter>
    </ClCompile>
    <ClCompile Include="..\..\src\GameMockup\Components\UserInput.cpp">
      <Filter>Fichiers sources\GameMockup\Components</Filter>
    </ClCompile>
    <ClCompile Include="..\..\src\GameMockup\Systems\SquareController.cpp">
      <Filter>Fichiers sources\GameMockup\Systems</Filter>
    </ClCompile>
    <ClCompile Include="..\..\src\GameMockup\Systems\InputConverter.cpp">
      <Filter>Fichiers sources\GameMockup\Systems</Filter>
    </ClCompile>
    <ClCompile Include="..\..\src\GameMockup\Components\SpriteAnimated.cpp">
      <Filter>Fichiers sources\GameMockup\Components</Filter>
    </ClCompile>
    <ClCompile Include="..\..\src\GameMockup\Systems\AnimationRenderer.cpp">
      <Filter>Fichiers sources\GameMockup\Systems</Filter>
    </ClCompile>
    <ClCompile Include="..\..\src\Base\ResourceManager.cpp">
      <Filter>Fichiers sources\Base</Filter>
    </ClCompile>
    <ClCompile Include="..\..\src\GameMockup\ConsoleScreen.cpp">
      <Filter>Fichiers sources\GameMockup</Filter>
    </ClCompile>
    <ClCompile Include="..\..\src\Math\Utils.cpp">
      <Filter>Fichiers sources\Math</Filter>
    </ClCompile>
    <ClCompile Include="..\..\src\Base\ClipboardWin32.cpp">
      <Filter>Fichiers sources\Base</Filter>
    </ClCompile>
    <ClCompile Include="..\..\src\Base\Clipboard.cpp">
      <Filter>Fichiers sources\Base</Filter>
    </ClCompile>
    <ClCompile Include="..\..\extlibs\tinyxml2\tinyxml2.cpp">
      <Filter>Fichiers sources\EXTERNAL\tinyxml2</Filter>
    </ClCompile>
    <ClCompile Include="..\..\src\ECS\Component.cpp">
      <Filter>Fichiers sources\ECS\Core</Filter>
    </ClCompile>
    <ClCompile Include="..\..\src\ECS\Entity.cpp">
      <Filter>Fichiers sources\ECS\Core</Filter>
    </ClCompile>
    <ClCompile Include="..\..\src\ECS\System.cpp">
      <Filter>Fichiers sources\ECS\Core</Filter>
    </ClCompile>
    <ClCompile Include="..\..\src\ECS\World.cpp">
      <Filter>Fichiers sources\ECS\Core</Filter>
    </ClCompile>
    <ClCompile Include="..\..\src\ECS\ComponentRegistry.cpp">
      <Filter>Fichiers sources\ECS\Utilities</Filter>
    </ClCompile>
    <ClCompile Include="..\..\src\ECS\EntityParser.cpp">
      <Filter>Fichiers sources\ECS\Utilities</Filter>
    </ClCompile>
    <ClCompile Include="..\..\src\GUI\ConsoleWidget.cpp">
      <Filter>Fichiers sources\GUI</Filter>
    </ClCompile>
    <ClCompile Include="..\..\src\BoltScript\BoltScriptEnvironment.cpp">
      <Filter>Fichiers sources\BoltScript</Filter>
    </ClCompile>
  </ItemGroup>
  <ItemGroup>
    <ClInclude Include="..\..\src\MainMenu\MenuItem\MenuItem.h">
      <Filter>Fichiers sources\MainMenu\MenuItem</Filter>
    </ClInclude>
    <ClInclude Include="..\..\src\Math\Rectangle.h">
      <Filter>Fichiers sources\Math</Filter>
    </ClInclude>
    <ClInclude Include="..\..\src\Math\Vector2d.h">
      <Filter>Fichiers sources\Math</Filter>
    </ClInclude>
    <ClInclude Include="..\..\src\Base\Drawable.h">
      <Filter>Fichiers sources\Base</Filter>
    </ClInclude>
    <ClInclude Include="..\..\src\MainMenu\MenuItem\MenuItem.PageSwaper.h">
      <Filter>Fichiers sources\MainMenu\MenuItem</Filter>
    </ClInclude>
    <ClInclude Include="..\..\src\Application\Application.h">
      <Filter>Fichiers sources\Application</Filter>
    </ClInclude>
    <ClInclude Include="..\..\src\MainMenu\MenuPage\MenuPage.h">
      <Filter>Fichiers sources\MainMenu\MenuPage</Filter>
    </ClInclude>
    <ClInclude Include="..\..\src\MainMenu\MainMenu.h">
      <Filter>Fichiers sources\MainMenu</Filter>
    </ClInclude>
    <ClInclude Include="..\..\src\MainMenu\MenuItem\MenuItem.Callback.h">
      <Filter>Fichiers sources\MainMenu\MenuItem</Filter>
    </ClInclude>
    <ClInclude Include="..\..\src\Base\GeneralEnums.h">
      <Filter>Fichiers sources\Base</Filter>
    </ClInclude>
    <ClInclude Include="..\..\src\Screen\Screen.h">
      <Filter>Fichiers sources\Screen</Filter>
    </ClInclude>
    <ClInclude Include="..\..\src\Screen\ScreenMainMenu.h">
      <Filter>Fichiers sources\Screen</Filter>
    </ClInclude>
    <ClInclude Include="..\..\src\GameMockup\GameScreen.h">
      <Filter>Fichiers sources\GameMockup</Filter>
    </ClInclude>
    <ClInclude Include="..\..\src\GameMockup\GameApplication.h">
      <Filter>Fichiers sources\GameMockup</Filter>
    </ClInclude>
    <ClInclude Include="..\..\src\GameMockup\Components\Color.h">
      <Filter>Fichiers sources\GameMockup\Components</Filter>
    </ClInclude>
    <ClInclude Include="..\..\src\GameMockup\Components\Position.h">
      <Filter>Fichiers sources\GameMockup\Components</Filter>
    </ClInclude>
    <ClInclude Include="..\..\src\GameMockup\Components\Size.h">
      <Filter>Fichiers sources\GameMockup\Components</Filter>
    </ClInclude>
    <ClInclude Include="..\..\src\GameMockup\Systems\SimplerRenderer.h">
      <Filter>Fichiers sources\GameMockup\Systems</Filter>
    </ClInclude>
    <ClInclude Include="..\..\src\Shortcuts\Shortcuts.h">
      <Filter>Fichiers sources\Shortcuts</Filter>
    </ClInclude>
    <ClInclude Include="..\..\src\GameMockup\Components\UserInput.h">
      <Filter>Fichiers sources\GameMockup\Components</Filter>
    </ClInclude>
    <ClInclude Include="..\..\src\GameMockup\Systems\SquareController.h">
      <Filter>Fichiers sources\GameMockup\Systems</Filter>
    </ClInclude>
    <ClInclude Include="..\..\src\GameMockup\Systems\InputConverter.h">
      <Filter>Fichiers sources\GameMockup\Systems</Filter>
    </ClInclude>
    <ClInclude Include="..\..\src\GameMockup\Components\SpriteAnimated.h">
      <Filter>Fichiers sources\GameMockup\Components</Filter>
    </ClInclude>
    <ClInclude Include="..\..\src\GameMockup\Systems\AnimationRenderer.h">
      <Filter>Fichiers sources\GameMockup\Systems</Filter>
    </ClInclude>
    <ClInclude Include="..\..\src\Base\ResourceManager.h">
      <Filter>Fichiers sources\Base</Filter>
    </ClInclude>
    <ClInclude Include="..\..\src\GameMockup\ConsoleScreen.h">
      <Filter>Fichiers sources\GameMockup</Filter>
    </ClInclude>
    <ClInclude Include="..\..\src\Math\Utils.h">
      <Filter>Fichiers sources\Math</Filter>
    </ClInclude>
    <ClInclude Include="..\..\src\Base\Clipboard.h">
      <Filter>Fichiers sources\Base</Filter>
    </ClInclude>
    <ClInclude Include="..\..\extlibs\tinyxml2\tinyxml2.h">
      <Filter>Fichiers sources\EXTERNAL\tinyxml2</Filter>
    </ClInclude>
    <ClInclude Include="..\..\src\ECS\Component.h">
      <Filter>Fichiers sources\ECS\Core</Filter>
    </ClInclude>
    <ClInclude Include="..\..\src\ECS\Entity.h">
      <Filter>Fichiers sources\ECS\Core</Filter>
    </ClInclude>
    <ClInclude Include="..\..\src\ECS\System.h">
      <Filter>Fichiers sources\ECS\Core</Filter>
    </ClInclude>
    <ClInclude Include="..\..\src\ECS\World.h">
      <Filter>Fichiers sources\ECS\Core</Filter>
    </ClInclude>
    <ClInclude Include="..\..\src\ECS\ComponentRegistry.h">
      <Filter>Fichiers sources\ECS\Utilities</Filter>
    </ClInclude>
    <ClInclude Include="..\..\src\ECS\EntityParser.h">
      <Filter>Fichiers sources\ECS\Utilities</Filter>
    </ClInclude>
    <ClInclude Include="..\..\src\GUI\ConsoleWidget.h">
      <Filter>Fichiers sources\GUI</Filter>
    </ClInclude>
    <ClInclude Include="..\..\src\BoltScript\BoltScriptEnvironment.h">
      <Filter>Fichiers sources\BoltScript</Filter>
    </ClInclude>
  </ItemGroup>
</Project>