<?xml version="1.0" encoding="utf-8"?>
<Project ToolsVersion="4.0" xmlns="http://schemas.microsoft.com/developer/msbuild/2003">
  <ItemGroup>
    <Filter Include="Fichiers sources">
      <UniqueIdentifier>{4FC737F1-C7A5-4376-A066-2A32D752A2FF}</UniqueIdentifier>
      <Extensions>cpp;c;cc;cxx;def;odl;idl;hpj;bat;asm;asmx</Extensions>
    </Filter>
    <Filter Include="Fichiers d%27en-tête">
      <UniqueIdentifier>{93995380-89BD-4b04-88EB-625FBE52EBFB}</UniqueIdentifier>
      <Extensions>h;hh;hpp;hxx;hm;inl;inc;xsd</Extensions>
    </Filter>
    <Filter Include="Fichiers de ressources">
      <UniqueIdentifier>{67DA6AB6-F800-4c08-8B7A-83BB121AAD01}</UniqueIdentifier>
      <Extensions>rc;ico;cur;bmp;dlg;rc2;rct;bin;rgs;gif;jpg;jpeg;jpe;resx;tiff;tif;png;wav;mfcribbon-ms</Extensions>
    </Filter>
    <Filter Include="Fichiers sources\Core">
      <UniqueIdentifier>{69a98c29-1571-4ad8-8156-78fa107f73af}</UniqueIdentifier>
    </Filter>
    <Filter Include="Fichiers sources\Core\AI">
      <UniqueIdentifier>{d9324535-d2df-4eb2-9415-aa9d34b4b3a8}</UniqueIdentifier>
    </Filter>
    <Filter Include="Fichiers sources\Core\Application">
      <UniqueIdentifier>{232d7918-3cd6-4d59-b8b4-936c5f186440}</UniqueIdentifier>
    </Filter>
    <Filter Include="Fichiers sources\Core\Base">
      <UniqueIdentifier>{69422064-0814-4d12-a7d2-43701b7f32c2}</UniqueIdentifier>
    </Filter>
    <Filter Include="Fichiers sources\Core\Benchmark">
      <UniqueIdentifier>{f1202c71-c577-4710-91db-9a8f8da3112e}</UniqueIdentifier>
    </Filter>
    <Filter Include="Fichiers sources\Core\BoltScript">
      <UniqueIdentifier>{6c3a8a3e-fd2d-40fe-937c-0663830d863c}</UniqueIdentifier>
    </Filter>
    <Filter Include="Fichiers sources\Core\ECS">
      <UniqueIdentifier>{d8e5d294-2be5-4c3a-961f-861ce111568f}</UniqueIdentifier>
    </Filter>
    <Filter Include="Fichiers sources\Core\ECS\Core">
      <UniqueIdentifier>{af6311e2-2111-45fb-97a5-1ae14a28c52f}</UniqueIdentifier>
    </Filter>
    <Filter Include="Fichiers sources\Core\ECS\Utilities">
      <UniqueIdentifier>{6cfe0a1c-4e17-4c4c-b863-941432fd3e8b}</UniqueIdentifier>
    </Filter>
    <Filter Include="Fichiers sources\Core\GUI">
      <UniqueIdentifier>{3e2414e1-847a-4625-bdb6-68016e8fd720}</UniqueIdentifier>
    </Filter>
    <Filter Include="Fichiers sources\Core\MainMenu">
      <UniqueIdentifier>{dcc41c62-9c8b-4b18-9d68-fb05dd98c86d}</UniqueIdentifier>
    </Filter>
    <Filter Include="Fichiers sources\Core\Mapping">
      <UniqueIdentifier>{7631d07f-cf4b-4261-9edb-2e7e2f657a3c}</UniqueIdentifier>
    </Filter>
    <Filter Include="Fichiers sources\Core\Math">
      <UniqueIdentifier>{f6a9514b-0f3f-4f6f-a0d2-71faf71a4aee}</UniqueIdentifier>
    </Filter>
    <Filter Include="Fichiers sources\Core\Screen">
      <UniqueIdentifier>{0f703fee-c5a5-4e0b-83ec-37618d5aa7d9}</UniqueIdentifier>
    </Filter>
    <Filter Include="Fichiers sources\Core\Shader">
      <UniqueIdentifier>{9f3bba9a-dacd-47ba-a345-ce19889269d7}</UniqueIdentifier>
    </Filter>
    <Filter Include="Fichiers sources\Core\Shortcuts">
      <UniqueIdentifier>{9ebf1ece-30d3-4e0b-965a-f54de889bdee}</UniqueIdentifier>
    </Filter>
    <Filter Include="Fichiers sources\Core\Volumetric">
      <UniqueIdentifier>{d4e58ea6-bd6f-464c-b5cb-1bb79e2ca74e}</UniqueIdentifier>
    </Filter>
    <Filter Include="Fichiers sources\Core\Volumetric\Static">
      <UniqueIdentifier>{eee8d9ae-50db-4753-aa23-dac0261e1189}</UniqueIdentifier>
    </Filter>
    <Filter Include="Fichiers sources\Core\Volumetric\SparseOctree">
      <UniqueIdentifier>{f1170029-6e4d-4a73-901b-e8e07acb3b76}</UniqueIdentifier>
    </Filter>
    <Filter Include="Fichiers sources\Core\Volumetric\SparseOctree\Data">
      <UniqueIdentifier>{f4cc1177-4102-43b1-ab23-549db1314020}</UniqueIdentifier>
    </Filter>
    <Filter Include="Fichiers sources\Core\Volumetric\SparseOctree\Data\Base">
      <UniqueIdentifier>{715ea4d9-0923-447c-9cc2-1f7205cf536e}</UniqueIdentifier>
    </Filter>
    <Filter Include="Fichiers sources\Core\Volumetric\SparseOctree\Data\Final">
      <UniqueIdentifier>{2e4822b5-84a8-484a-8dd9-0faccf3614e2}</UniqueIdentifier>
    </Filter>
    <Filter Include="Fichiers sources\Core\Volumetric\SparseOctree\Chunk">
      <UniqueIdentifier>{f3a1bfa9-dd4d-483d-bd51-749f449c56c5}</UniqueIdentifier>
    </Filter>
    <Filter Include="Fichiers sources\Core\Volumetric\SparseOctree\Data\SubStorage">
      <UniqueIdentifier>{8efcdc8f-cc5d-4f24-92fe-edf79e68b415}</UniqueIdentifier>
    </Filter>
    <Filter Include="Fichiers sources\Core\Volumetric\SparseOctree\Map">
      <UniqueIdentifier>{84fbc97e-d4d0-42a7-acc0-0f5372b2690e}</UniqueIdentifier>
    </Filter>
    <Filter Include="Fichiers sources\Core\Volumetric\SparseOctree\Utils">
      <UniqueIdentifier>{cffb90b3-a4b5-4c27-a7c7-7dc2d4d440de}</UniqueIdentifier>
    </Filter>
    <Filter Include="Fichiers sources\Core\Volumetric\SparseOctree\Data\Conversion">
      <UniqueIdentifier>{f2fbf0f2-3a6c-444c-8730-22fbe91f17dd}</UniqueIdentifier>
    </Filter>
    <Filter Include="Fichiers sources\Core\Base\Thread">
      <UniqueIdentifier>{e207a4d3-f609-4f35-aef5-7548720d59d3}</UniqueIdentifier>
    </Filter>
    <Filter Include="Fichiers sources\GameMockup">
      <UniqueIdentifier>{0ff46217-ea61-49ac-b7a9-dc516639aa64}</UniqueIdentifier>
    </Filter>
    <Filter Include="Fichiers sources\GameMockup\Application">
      <UniqueIdentifier>{08e86dec-ca5f-4001-8a57-366dca2ec32c}</UniqueIdentifier>
    </Filter>
    <Filter Include="Fichiers sources\GameMockup\Screen">
      <UniqueIdentifier>{f798cde8-b384-498b-afe7-2b46ddc18a2a}</UniqueIdentifier>
    </Filter>
    <Filter Include="Fichiers sources\Core\ECS\Component">
      <UniqueIdentifier>{0d55e8e8-61f8-4751-9459-ace909df2452}</UniqueIdentifier>
    </Filter>
    <Filter Include="Fichiers sources\Core\ECS\System">
      <UniqueIdentifier>{4eb415e0-49b5-4305-bc71-d6e8894f9271}</UniqueIdentifier>
    </Filter>
    <Filter Include="Fichiers sources\Core\ECS\Mapping">
      <UniqueIdentifier>{da0fac8b-9ad1-4ec9-bd60-edcfe6362bc7}</UniqueIdentifier>
    </Filter>
    <Filter Include="Fichiers sources\GameMockup\ECS">
      <UniqueIdentifier>{44ab8cc2-ecff-49fe-83aa-f12ef223ec2c}</UniqueIdentifier>
    </Filter>
    <Filter Include="Fichiers sources\GameMockup\ECS\System">
      <UniqueIdentifier>{aabfeef2-0ff8-4268-a485-c723738cc2bd}</UniqueIdentifier>
    </Filter>
  </ItemGroup>
  <ItemGroup>
    <ClCompile Include="..\..\..\src\GameMockup\Application\GameMockup.Application.GameApplication.cpp">
      <Filter>Fichiers sources\GameMockup\Application</Filter>
    </ClCompile>
    <ClCompile Include="..\..\..\src\GameMockup\Screen\GameMockup.Screen.ConsoleScreen.cpp">
      <Filter>Fichiers sources\GameMockup\Screen</Filter>
    </ClCompile>
    <ClCompile Include="..\..\..\src\GameMockup\Screen\GameMockup.Screen.GameScreen.cpp">
      <Filter>Fichiers sources\GameMockup\Screen</Filter>
    </ClCompile>
    <ClCompile Include="..\..\..\src\GameMockup\Screen\GameMockup.Screen.InfiltratorScreen.cpp">
      <Filter>Fichiers sources\GameMockup\Screen</Filter>
    </ClCompile>
    <ClCompile Include="..\..\..\src\GameMockup\Screen\GameMockup.Screen.OpenGLRenderSceneScreen.cpp">
      <Filter>Fichiers sources\GameMockup\Screen</Filter>
    </ClCompile>
    <ClCompile Include="..\..\..\src\Core\AI\Core.AI.BehaviourNode.cpp">
      <Filter>Fichiers sources\Core\AI</Filter>
    </ClCompile>
    <ClCompile Include="..\..\..\src\Core\AI\Core.AI.BehaviourService.cpp">
      <Filter>Fichiers sources\Core\AI</Filter>
    </ClCompile>
    <ClCompile Include="..\..\..\src\Core\AI\Core.AI.BehaviourTree.cpp">
      <Filter>Fichiers sources\Core\AI</Filter>
    </ClCompile>
    <ClCompile Include="..\..\..\src\Core\AI\Core.AI.BlackBoard.cpp">
      <Filter>Fichiers sources\Core\AI</Filter>
    </ClCompile>
    <ClCompile Include="..\..\..\src\Core\AI\Core.AI.BlackBoardVariable.cpp">
      <Filter>Fichiers sources\Core\AI</Filter>
    </ClCompile>
    <ClCompile Include="..\..\..\src\Core\Application\Core.Application.Application.cpp">
      <Filter>Fichiers sources\Core\Application</Filter>
    </ClCompile>
    <ClCompile Include="..\..\..\src\Core\Base\Thread\Core.Base.Thread.Thread.cpp">
      <Filter>Fichiers sources\Core\Base\Thread</Filter>
    </ClCompile>
    <ClCompile Include="..\..\..\src\Core\Base\Thread\Core.Base.Thread.ThreadProcessor.cpp">
      <Filter>Fichiers sources\Core\Base\Thread</Filter>
    </ClCompile>
    <ClCompile Include="..\..\..\src\Core\Base\Core.Base.Clipboard.cpp">
      <Filter>Fichiers sources\Core\Base</Filter>
    </ClCompile>
    <ClCompile Include="..\..\..\src\Core\Base\Core.Base.ClipboardWin32.cpp">
      <Filter>Fichiers sources\Core\Base</Filter>
    </ClCompile>
    <ClCompile Include="..\..\..\src\Core\Base\Core.Base.Drawable.cpp">
      <Filter>Fichiers sources\Core\Base</Filter>
    </ClCompile>
    <ClCompile Include="..\..\..\src\Core\Base\Core.Base.ResourceManager.cpp">
      <Filter>Fichiers sources\Core\Base</Filter>
    </ClCompile>
    <ClCompile Include="..\..\..\src\Core\Base\Core.Base.Utilities.cpp">
      <Filter>Fichiers sources\Core\Base</Filter>
    </ClCompile>
    <ClCompile Include="..\..\..\src\Core\Base\Core.Base.Variant.cpp">
      <Filter>Fichiers sources\Core\Base</Filter>
    </ClCompile>
    <ClCompile Include="..\..\..\src\Core\Benchmark\Core.Benchmark.cpp">
      <Filter>Fichiers sources\Core\Benchmark</Filter>
    </ClCompile>
    <ClCompile Include="..\..\..\src\Core\BoltScript\Core.BoltScript.BoltScriptEnvironment.cpp">
      <Filter>Fichiers sources\Core\BoltScript</Filter>
    </ClCompile>
    <ClCompile Include="..\..\..\src\Core\GUI\Core.GUI.ConsoleWidget.cpp">
      <Filter>Fichiers sources\Core\GUI</Filter>
    </ClCompile>
    <ClCompile Include="..\..\..\src\Core\MainMenu\Core.MainMenu.ItemCallback.cpp">
      <Filter>Fichiers sources\Core\MainMenu</Filter>
    </ClCompile>
    <ClCompile Include="..\..\..\src\Core\MainMenu\Core.MainMenu.ItemPageSwaper.cpp">
      <Filter>Fichiers sources\Core\MainMenu</Filter>
    </ClCompile>
    <ClCompile Include="..\..\..\src\Core\MainMenu\Core.MainMenu.MainMenu.cpp">
      <Filter>Fichiers sources\Core\MainMenu</Filter>
    </ClCompile>
    <ClCompile Include="..\..\..\src\Core\MainMenu\Core.MainMenu.MenuItem.cpp">
      <Filter>Fichiers sources\Core\MainMenu</Filter>
    </ClCompile>
    <ClCompile Include="..\..\..\src\Core\MainMenu\Core.MainMenu.MenuPage.cpp">
      <Filter>Fichiers sources\Core\MainMenu</Filter>
    </ClCompile>
    <ClCompile Include="..\..\..\src\Core\Mapping\Core.Mapping.PhysicEntityGrid.cpp">
      <Filter>Fichiers sources\Core\Mapping</Filter>
    </ClCompile>
    <ClCompile Include="..\..\..\src\Core\Math\Core.Math.Edge.cpp">
      <Filter>Fichiers sources\Core\Math</Filter>
    </ClCompile>
    <ClCompile Include="..\..\..\src\Core\Math\Core.Math.Ray.cpp">
      <Filter>Fichiers sources\Core\Math</Filter>
    </ClCompile>
    <ClCompile Include="..\..\..\src\Core\Math\Core.Math.Triangle.cpp">
      <Filter>Fichiers sources\Core\Math</Filter>
    </ClCompile>
    <ClCompile Include="..\..\..\src\Core\Math\Core.Math.Utils.cpp">
      <Filter>Fichiers sources\Core\Math</Filter>
    </ClCompile>
    <ClCompile Include="..\..\..\src\Core\Screen\Core.Screen.Screen.cpp">
      <Filter>Fichiers sources\Core\Screen</Filter>
    </ClCompile>
    <ClCompile Include="..\..\..\src\Core\Screen\Core.Screen.ScreenMainMenu.cpp">
      <Filter>Fichiers sources\Core\Screen</Filter>
    </ClCompile>
    <ClCompile Include="..\..\..\src\Core\Shader\Core.Shader.Shader.cpp">
      <Filter>Fichiers sources\Core\Shader</Filter>
    </ClCompile>
    <ClCompile Include="..\..\..\src\Core\Shortcuts\Core.Shortcuts.Shortcuts.cpp">
      <Filter>Fichiers sources\Core\Shortcuts</Filter>
    </ClCompile>
    <ClCompile Include="..\..\..\src\Core\Volumetric\SparseOctree\Core.Volumetric.SparseOctree.Hashable3DKey.cpp">
      <Filter>Fichiers sources\Core\Volumetric\SparseOctree\Utils</Filter>
    </ClCompile>
    <ClCompile Include="..\..\..\src\Core\Volumetric\SparseOctree\Core.Volumetric.SparseOctree.ROMSConfig.cpp">
      <Filter>Fichiers sources\Core\Volumetric\SparseOctree\Utils</Filter>
    </ClCompile>
    <ClCompile Include="..\..\..\src\Core\Volumetric\Static\Core.Volumetric.Static.Data.cpp">
      <Filter>Fichiers sources\Core\Volumetric\Static</Filter>
    </ClCompile>
    <ClCompile Include="..\..\..\src\Core\Volumetric\Static\Core.Volumetric.Static.Hashable3DKey.cpp">
      <Filter>Fichiers sources\Core\Volumetric\Static</Filter>
    </ClCompile>
    <ClCompile Include="..\..\..\src\Core\Volumetric\Static\Core.Volumetric.Static.SparseStaticLodChunk64Map.cpp">
      <Filter>Fichiers sources\Core\Volumetric\Static</Filter>
    </ClCompile>
    <ClCompile Include="..\..\..\src\Core\Volumetric\Static\Core.Volumetric.Static.StaticLodChunk64.cpp">
      <Filter>Fichiers sources\Core\Volumetric\Static</Filter>
    </ClCompile>
    <ClCompile Include="..\..\..\src\Core\Volumetric\Static\Core.Volumetric.Static.VUtils.cpp">
      <Filter>Fichiers sources\Core\Volumetric\Static</Filter>
    </ClCompile>
    <ClCompile Include="..\..\..\src\Core\ECS\Component\Core.ECS.Component.BehaviourTree.cpp">
      <Filter>Fichiers sources\Core\ECS\Component</Filter>
    </ClCompile>
    <ClCompile Include="..\..\..\src\Core\ECS\Component\Core.ECS.Component.Color.cpp">
      <Filter>Fichiers sources\Core\ECS\Component</Filter>
    </ClCompile>
    <ClCompile Include="..\..\..\src\Core\ECS\Component\Core.ECS.Component.Direction.cpp">
      <Filter>Fichiers sources\Core\ECS\Component</Filter>
    </ClCompile>
    <ClCompile Include="..\..\..\src\Core\ECS\Component\Core.ECS.Component.FieldOfView.cpp">
      <Filter>Fichiers sources\Core\ECS\Component</Filter>
    </ClCompile>
    <ClCompile Include="..\..\..\src\Core\ECS\Component\Core.ECS.Component.Position.cpp">
      <Filter>Fichiers sources\Core\ECS\Component</Filter>
    </ClCompile>
    <ClCompile Include="..\..\..\src\Core\ECS\Component\Core.ECS.Component.SimplePhysic.cpp">
      <Filter>Fichiers sources\Core\ECS\Component</Filter>
    </ClCompile>
    <ClCompile Include="..\..\..\src\Core\ECS\Component\Core.ECS.Component.Size.cpp">
      <Filter>Fichiers sources\Core\ECS\Component</Filter>
    </ClCompile>
    <ClCompile Include="..\..\..\src\Core\ECS\Component\Core.ECS.Component.SpriteAnimated.cpp">
      <Filter>Fichiers sources\Core\ECS\Component</Filter>
    </ClCompile>
    <ClCompile Include="..\..\..\src\Core\ECS\Component\Core.ECS.Component.Text.cpp">
      <Filter>Fichiers sources\Core\ECS\Component</Filter>
    </ClCompile>
    <ClCompile Include="..\..\..\src\Core\ECS\Component\Core.ECS.Component.UserInput.cpp">
      <Filter>Fichiers sources\Core\ECS\Component</Filter>
    </ClCompile>
    <ClCompile Include="..\..\..\src\Core\ECS\System\Core.ECS.System.AnimationRenderer.cpp">
      <Filter>Fichiers sources\Core\ECS\System</Filter>
    </ClCompile>
    <ClCompile Include="..\..\..\src\Core\ECS\System\Core.ECS.System.InputConverter.cpp">
      <Filter>Fichiers sources\Core\ECS\System</Filter>
    </ClCompile>
    <ClCompile Include="..\..\..\src\Core\ECS\System\Core.ECS.System.SightSystem.cpp">
      <Filter>Fichiers sources\Core\ECS\System</Filter>
    </ClCompile>
    <ClCompile Include="..\..\..\src\Core\ECS\System\Core.ECS.System.SimplePhysics.cpp">
      <Filter>Fichiers sources\Core\ECS\System</Filter>
    </ClCompile>
    <ClCompile Include="..\..\..\src\Core\ECS\System\Core.ECS.System.SimplerRenderer.cpp">
      <Filter>Fichiers sources\Core\ECS\System</Filter>
    </ClCompile>
    <ClCompile Include="..\..\..\src\Core\ECS\Core\Core.ECS.Core.Component.cpp">
      <Filter>Fichiers sources\Core\ECS\Core</Filter>
    </ClCompile>
    <ClCompile Include="..\..\..\src\Core\ECS\Core\Core.ECS.Core.Entity.cpp">
      <Filter>Fichiers sources\Core\ECS\Core</Filter>
    </ClCompile>
    <ClCompile Include="..\..\..\src\Core\ECS\Core\Core.ECS.Core.System.cpp">
      <Filter>Fichiers sources\Core\ECS\Core</Filter>
    </ClCompile>
    <ClCompile Include="..\..\..\src\Core\ECS\Core\Core.ECS.Core.World.cpp">
      <Filter>Fichiers sources\Core\ECS\Core</Filter>
    </ClCompile>
    <ClCompile Include="..\..\..\src\Core\ECS\Utilities\Core.ECS.Utilities.ComponentRegistry.cpp">
      <Filter>Fichiers sources\Core\ECS\Utilities</Filter>
    </ClCompile>
    <ClCompile Include="..\..\..\src\Core\ECS\Utilities\Core.ECS.Utilities.EntityParser.cpp">
      <Filter>Fichiers sources\Core\ECS\Utilities</Filter>
    </ClCompile>
    <ClCompile Include="..\..\..\src\Core\Core.main.cpp">
      <Filter>Fichiers sources\Core</Filter>
    </ClCompile>
    <ClCompile Include="..\..\..\src\Core\ECS\Core.ECS.Core.ScreenEntityMap.cpp">
      <Filter>Fichiers sources\Core\ECS\Mapping</Filter>
    </ClCompile>
    <ClCompile Include="..\..\..\src\GameMockup\ECS\System\GameMockup.ECS.System.SquareController.cpp">
      <Filter>Fichiers sources\GameMockup\ECS\System</Filter>
    </ClCompile>
  </ItemGroup>
  <ItemGroup>
    <ClInclude Include="..\..\..\src\Core\Volumetric\SparseOctree\Volumetric.SparseOctree.DataIncludes.h">
      <Filter>Fichiers d%27en-tête</Filter>
    </ClInclude>
    <ClInclude Include="..\..\..\src\GameMockup\Application\GameMockup.Application.GameApplication.h">
      <Filter>Fichiers sources\GameMockup\Application</Filter>
    </ClInclude>
    <ClInclude Include="..\..\..\src\GameMockup\Screen\GameMockup.Screen.ConsoleScreen.h">
      <Filter>Fichiers sources\GameMockup\Screen</Filter>
    </ClInclude>
    <ClInclude Include="..\..\..\src\GameMockup\Screen\GameMockup.Screen.GameScreen.h">
      <Filter>Fichiers sources\GameMockup\Screen</Filter>
    </ClInclude>
    <ClInclude Include="..\..\..\src\GameMockup\Screen\GameMockup.Screen.InfiltratorScreen.h">
      <Filter>Fichiers sources\GameMockup\Screen</Filter>
    </ClInclude>
    <ClInclude Include="..\..\..\src\GameMockup\Screen\GameMockup.Screen.OpenGLRenderSceneScreen.h">
      <Filter>Fichiers sources\GameMockup\Screen</Filter>
    </ClInclude>
    <ClInclude Include="..\..\..\src\Core\AI\Core.AI.BehaviourNode.h">
      <Filter>Fichiers sources\Core\AI</Filter>
    </ClInclude>
    <ClInclude Include="..\..\..\src\Core\AI\Core.AI.BehaviourService.h">
      <Filter>Fichiers sources\Core\AI</Filter>
    </ClInclude>
    <ClInclude Include="..\..\..\src\Core\AI\Core.AI.BehaviourTree.h">
      <Filter>Fichiers sources\Core\AI</Filter>
    </ClInclude>
    <ClInclude Include="..\..\..\src\Core\AI\Core.AI.BlackBoard.h">
      <Filter>Fichiers sources\Core\AI</Filter>
    </ClInclude>
    <ClInclude Include="..\..\..\src\Core\AI\Core.AI.BlackBoardVariable.h">
      <Filter>Fichiers sources\Core\AI</Filter>
    </ClInclude>
    <ClInclude Include="..\..\..\src\Core\Application\Core.Application.Application.h">
      <Filter>Fichiers sources\Core\Application</Filter>
    </ClInclude>
    <ClInclude Include="..\..\..\src\Core\Base\Thread\Core.Base.Thread.Thread.h">
      <Filter>Fichiers sources\Core\Base\Thread</Filter>
    </ClInclude>
    <ClInclude Include="..\..\..\src\Core\Base\Thread\Core.Base.Thread.ThreadProcessor.h">
      <Filter>Fichiers sources\Core\Base\Thread</Filter>
    </ClInclude>
    <ClInclude Include="..\..\..\src\Core\Base\Core.Base.Clipboard.h">
      <Filter>Fichiers sources\Core\Base</Filter>
    </ClInclude>
    <ClInclude Include="..\..\..\src\Core\Base\Core.Base.Drawable.h">
      <Filter>Fichiers sources\Core\Base</Filter>
    </ClInclude>
    <ClInclude Include="..\..\..\src\Core\Base\Core.Base.GeneralEnums.h">
      <Filter>Fichiers sources\Core\Base</Filter>
    </ClInclude>
    <ClInclude Include="..\..\..\src\Core\Base\Core.Base.ResourceManager.h">
      <Filter>Fichiers sources\Core\Base</Filter>
    </ClInclude>
    <ClInclude Include="..\..\..\src\Core\Base\Core.Base.Utilities.h">
      <Filter>Fichiers sources\Core\Base</Filter>
    </ClInclude>
    <ClInclude Include="..\..\..\src\Core\Base\Core.Base.Variant.h">
      <Filter>Fichiers sources\Core\Base</Filter>
    </ClInclude>
    <ClInclude Include="..\..\..\src\Core\Benchmark\Core.Benchmark.h">
      <Filter>Fichiers sources\Core\Benchmark</Filter>
    </ClInclude>
    <ClInclude Include="..\..\..\src\Core\BoltScript\Core.BoltScript.BoltScriptEnvironment.h">
      <Filter>Fichiers sources\Core\BoltScript</Filter>
    </ClInclude>
    <ClInclude Include="..\..\..\src\Core\GUI\Core.GUI.ConsoleWidget.h">
      <Filter>Fichiers sources\Core\GUI</Filter>
    </ClInclude>
    <ClInclude Include="..\..\..\src\Core\MainMenu\Core.MainMenu.ItemCallback.h">
      <Filter>Fichiers sources\Core\MainMenu</Filter>
    </ClInclude>
    <ClInclude Include="..\..\..\src\Core\MainMenu\Core.MainMenu.ItemPageSwaper.h">
      <Filter>Fichiers sources\Core\MainMenu</Filter>
    </ClInclude>
    <ClInclude Include="..\..\..\src\Core\MainMenu\Core.MainMenu.MainMenu.h">
      <Filter>Fichiers sources\Core\MainMenu</Filter>
    </ClInclude>
    <ClInclude Include="..\..\..\src\Core\MainMenu\Core.MainMenu.MenuItem.h">
      <Filter>Fichiers sources\Core\MainMenu</Filter>
    </ClInclude>
    <ClInclude Include="..\..\..\src\Core\MainMenu\Core.MainMenu.MenuPage.h">
      <Filter>Fichiers sources\Core\MainMenu</Filter>
    </ClInclude>
    <ClInclude Include="..\..\..\src\Core\Mapping\Core.Mapping.PhysicEntityGrid.h">
      <Filter>Fichiers sources\Core\Mapping</Filter>
    </ClInclude>
    <ClInclude Include="..\..\..\src\Core\Math\Core.Math.Edge.h">
      <Filter>Fichiers sources\Core\Math</Filter>
    </ClInclude>
    <ClInclude Include="..\..\..\src\Core\Math\Core.Math.Ray.h">
      <Filter>Fichiers sources\Core\Math</Filter>
    </ClInclude>
    <ClInclude Include="..\..\..\src\Core\Math\Core.Math.Triangle.h">
      <Filter>Fichiers sources\Core\Math</Filter>
    </ClInclude>
    <ClInclude Include="..\..\..\src\Core\Math\Core.Math.Utils.h">
      <Filter>Fichiers sources\Core\Math</Filter>
    </ClInclude>
    <ClInclude Include="..\..\..\src\Core\Screen\Core.Screen.Screen.h">
      <Filter>Fichiers sources\Core\Screen</Filter>
    </ClInclude>
    <ClInclude Include="..\..\..\src\Core\Screen\Core.Screen.ScreenMainMenu.h">
      <Filter>Fichiers sources\Core\Screen</Filter>
    </ClInclude>
    <ClInclude Include="..\..\..\src\Core\Shader\Core.Shader.Shader.h">
      <Filter>Fichiers sources\Core\Shader</Filter>
    </ClInclude>
    <ClInclude Include="..\..\..\src\Core\Shortcuts\Core.Shortcuts.Shortcuts.h">
      <Filter>Fichiers sources\Core\Shortcuts</Filter>
    </ClInclude>
    <ClInclude Include="..\..\..\src\Core\Volumetric\SparseOctree\Core.Volumetric.SparseOctree.ROMSChunk.h">
      <Filter>Fichiers sources\Core\Volumetric\SparseOctree\Chunk</Filter>
    </ClInclude>
    <ClInclude Include="..\..\..\src\Core\Volumetric\SparseOctree\Core.Volumetric.SparseOctree.Data.h">
      <Filter>Fichiers sources\Core\Volumetric\SparseOctree\Data\Base</Filter>
    </ClInclude>
    <ClInclude Include="..\..\..\src\Core\Volumetric\SparseOctree\Core.Volumetric.SparseOctree.DataConverterProtocol.h">
      <Filter>Fichiers sources\Core\Volumetric\SparseOctree\Data\Conversion</Filter>
    </ClInclude>
    <ClInclude Include="..\..\..\src\Core\Volumetric\SparseOctree\Core.Volumetric.SparseOctree.DataConverterProtocol.tImp.hpp">
      <Filter>Fichiers sources\Core\Volumetric\SparseOctree\Data\Conversion</Filter>
    </ClInclude>
    <ClInclude Include="..\..\..\src\Core\Volumetric\SparseOctree\Core.Volumetric.SparseOctree.SparseData.h">
      <Filter>Fichiers sources\Core\Volumetric\SparseOctree\Data\Final</Filter>
    </ClInclude>
    <ClInclude Include="..\..\..\src\Core\Volumetric\SparseOctree\Core.Volumetric.SparseOctree.RawStorage.h">
      <Filter>Fichiers sources\Core\Volumetric\SparseOctree\Data\SubStorage</Filter>
    </ClInclude>
    <ClInclude Include="..\..\..\src\Core\Volumetric\SparseOctree\Core.Volumetric.SparseOctree.USROCMap.h">
      <Filter>Fichiers sources\Core\Volumetric\SparseOctree\Map</Filter>
    </ClInclude>
    <ClInclude Include="..\..\..\src\Core\Volumetric\SparseOctree\Core.Volumetric.SparseOctree.Hashable3DKey.h">
      <Filter>Fichiers sources\Core\Volumetric\SparseOctree\Utils</Filter>
    </ClInclude>
    <ClInclude Include="..\..\..\src\Core\Volumetric\SparseOctree\Core.Volumetric.SparseOctree.ROMSConfig.h">
      <Filter>Fichiers sources\Core\Volumetric\SparseOctree\Utils</Filter>
    </ClInclude>
    <ClInclude Include="..\..\..\src\Core\Volumetric\SparseOctree\Core.Volumetric.SparseOctree.Types.h">
      <Filter>Fichiers sources\Core\Volumetric\SparseOctree\Utils</Filter>
    </ClInclude>
    <ClInclude Include="..\..\..\src\Core\Volumetric\Static\Core.Volumetric.Static.Data.h">
      <Filter>Fichiers sources\Core\Volumetric\Static</Filter>
    </ClInclude>
    <ClInclude Include="..\..\..\src\Core\Volumetric\Static\Core.Volumetric.Static.Hashable3DKey.h">
      <Filter>Fichiers sources\Core\Volumetric\Static</Filter>
    </ClInclude>
    <ClInclude Include="..\..\..\src\Core\Volumetric\Static\Core.Volumetric.Static.SparseStaticLodChunk64Map.h">
      <Filter>Fichiers sources\Core\Volumetric\Static</Filter>
    </ClInclude>
    <ClInclude Include="..\..\..\src\Core\Volumetric\Static\Core.Volumetric.Static.StaticLodChunk64.h">
      <Filter>Fichiers sources\Core\Volumetric\Static</Filter>
    </ClInclude>
    <ClInclude Include="..\..\..\src\Core\Volumetric\Static\Core.Volumetric.Static.Types.h">
      <Filter>Fichiers sources\Core\Volumetric\Static</Filter>
    </ClInclude>
    <ClInclude Include="..\..\..\src\Core\Volumetric\Static\Core.Volumetric.Static.VUtils.h">
      <Filter>Fichiers sources\Core\Volumetric\Static</Filter>
    </ClInclude>
    <ClInclude Include="..\..\..\src\Core\ECS\Component\Core.ECS.Component.BehaviourTree.h">
      <Filter>Fichiers sources\Core\ECS\Component</Filter>
    </ClInclude>
    <ClInclude Include="..\..\..\src\Core\ECS\Component\Core.ECS.Component.Color.h">
      <Filter>Fichiers sources\Core\ECS\Component</Filter>
    </ClInclude>
    <ClInclude Include="..\..\..\src\Core\ECS\Component\Core.ECS.Component.Direction.h">
      <Filter>Fichiers sources\Core\ECS\Component</Filter>
    </ClInclude>
    <ClInclude Include="..\..\..\src\Core\ECS\Component\Core.ECS.Component.FieldOfView.h">
      <Filter>Fichiers sources\Core\ECS\Component</Filter>
    </ClInclude>
    <ClInclude Include="..\..\..\src\Core\ECS\Component\Core.ECS.Component.Position.h">
      <Filter>Fichiers sources\Core\ECS\Component</Filter>
    </ClInclude>
    <ClInclude Include="..\..\..\src\Core\ECS\Component\Core.ECS.Component.SimplePhysic.h">
      <Filter>Fichiers sources\Core\ECS\Component</Filter>
    </ClInclude>
    <ClInclude Include="..\..\..\src\Core\ECS\Component\Core.ECS.Component.Size.h">
      <Filter>Fichiers sources\Core\ECS\Component</Filter>
    </ClInclude>
    <ClInclude Include="..\..\..\src\Core\ECS\Component\Core.ECS.Component.SpriteAnimated.h">
      <Filter>Fichiers sources\Core\ECS\Component</Filter>
    </ClInclude>
    <ClInclude Include="..\..\..\src\Core\ECS\Component\Core.ECS.Component.Text.h">
      <Filter>Fichiers sources\Core\ECS\Component</Filter>
    </ClInclude>
    <ClInclude Include="..\..\..\src\Core\ECS\Component\Core.ECS.Component.UserInput.h">
      <Filter>Fichiers sources\Core\ECS\Component</Filter>
    </ClInclude>
    <ClInclude Include="..\..\..\src\Core\ECS\System\Core.ECS.System.AnimationRenderer.h">
      <Filter>Fichiers sources\Core\ECS\System</Filter>
    </ClInclude>
    <ClInclude Include="..\..\..\src\Core\ECS\System\Core.ECS.System.InputConverter.h">
      <Filter>Fichiers sources\Core\ECS\System</Filter>
    </ClInclude>
    <ClInclude Include="..\..\..\src\Core\ECS\System\Core.ECS.System.SightSystem.h">
      <Filter>Fichiers sources\Core\ECS\System</Filter>
    </ClInclude>
    <ClInclude Include="..\..\..\src\Core\ECS\System\Core.ECS.System.SimplePhysics.h">
      <Filter>Fichiers sources\Core\ECS\System</Filter>
    </ClInclude>
    <ClInclude Include="..\..\..\src\Core\ECS\System\Core.ECS.System.SimplerRenderer.h">
      <Filter>Fichiers sources\Core\ECS\System</Filter>
    </ClInclude>
    <ClInclude Include="..\..\..\src\Core\ECS\Core\Core.ECS.Core.Component.h">
      <Filter>Fichiers sources\Core\ECS\Core</Filter>
    </ClInclude>
    <ClInclude Include="..\..\..\src\Core\ECS\Core\Core.ECS.Core.Entity.h">
      <Filter>Fichiers sources\Core\ECS\Core</Filter>
    </ClInclude>
    <ClInclude Include="..\..\..\src\Core\ECS\Core\Core.ECS.Core.System.h">
      <Filter>Fichiers sources\Core\ECS\Core</Filter>
    </ClInclude>
    <ClInclude Include="..\..\..\src\Core\ECS\Core\Core.ECS.Core.World.h">
      <Filter>Fichiers sources\Core\ECS\Core</Filter>
    </ClInclude>
    <ClInclude Include="..\..\..\src\Core\ECS\Utilities\Core.ECS.Utilities.ComponentRegistry.h">
      <Filter>Fichiers sources\Core\ECS\Utilities</Filter>
    </ClInclude>
    <ClInclude Include="..\..\..\src\Core\ECS\Utilities\Core.ECS.Utilities.EntityParser.h">
      <Filter>Fichiers sources\Core\ECS\Utilities</Filter>
    </ClInclude>
    <ClInclude Include="..\..\..\src\Core\Volumetric\SparseOctree\Core.Volumetric.SparseOctree.DataIncludes.h">
      <Filter>Fichiers sources\Core\Volumetric\SparseOctree\Data\Base</Filter>
    </ClInclude>
    <ClInclude Include="..\..\..\src\Core\Volumetric\SparseOctree\Core.Volumetric.SparseOctree.Data.tImp.hpp">
      <Filter>Fichiers sources\Core\Volumetric\SparseOctree\Data\Base</Filter>
    </ClInclude>
    <ClInclude Include="..\..\..\src\Core\ECS\Core.ECS.Core.ScreenEntityMap.h">
      <Filter>Fichiers sources\Core\ECS\Mapping</Filter>
    </ClInclude>
    <ClInclude Include="..\..\..\src\GameMockup\ECS\System\GameMockup.ECS.System.SquareController.h">
      <Filter>Fichiers sources\GameMockup\ECS\System</Filter>
    </ClInclude>
    <ClInclude Include="..\..\..\src\Core\Volumetric\SparseOctree\Core.Volumetric.SparseOctree.RawData.h">
      <Filter>Fichiers sources\Core\Volumetric\SparseOctree\Data\Final</Filter>
    </ClInclude>
    <ClInclude Include="..\..\..\src\Core\Volumetric\SparseOctree\Core.Volumetric.SparseOctree.RLEData.h">
      <Filter>Fichiers sources\Core\Volumetric\SparseOctree\Data\Final</Filter>
    </ClInclude>
    <ClInclude Include="..\..\..\src\Core\Volumetric\SparseOctree\Core.Volumetric.SparseOctree.EmptyData.h">
      <Filter>Fichiers sources\Core\Volumetric\SparseOctree\Data\Final</Filter>
    </ClInclude>
    <ClInclude Include="..\..\..\src\Core\Volumetric\SparseOctree\Core.Volumetric.SparseOctree.FullData.h">
      <Filter>Fichiers sources\Core\Volumetric\SparseOctree\Data\Final</Filter>
    </ClInclude>
  </ItemGroup>
  <ItemGroup>
    <None Include="..\..\..\src\Core\Volumetric\SparseOctree\Core.Volumetric.SparseOctree.ROMSChunk.tImp.hpp">
      <Filter>Fichiers sources\Core\Volumetric\SparseOctree\Chunk</Filter>
    </None>
    <None Include="..\..\..\src\Core\Volumetric\SparseOctree\Core.Volumetric.SparseOctree.SparseData.tImp.hpp">
      <Filter>Fichiers sources\Core\Volumetric\SparseOctree\Data\Final</Filter>
    </None>
    <None Include="..\..\..\src\Core\Volumetric\SparseOctree\Core.Volumetric.SparseOctree.RawStorage.tImp.hpp">
      <Filter>Fichiers sources\Core\Volumetric\SparseOctree\Data\SubStorage</Filter>
    </None>
    <None Include="..\..\..\src\Core\Volumetric\SparseOctree\Core.Volumetric.SparseOctree.USROCMap.tImp.hpp">
      <Filter>Fichiers sources\Core\Volumetric\SparseOctree\Map</Filter>
    </None>
    <None Include="..\..\..\src\Core\Volumetric\SparseOctree\Core.Volumetric.SparseOctree.RawData.tImp.hpp">
      <Filter>Fichiers sources\Core\Volumetric\SparseOctree\Data\Final</Filter>
    </None>
    <None Include="..\..\..\src\Core\Volumetric\SparseOctree\Core.Volumetric.SparseOctree.RLEData.tImp.hpp">
      <Filter>Fichiers sources\Core\Volumetric\SparseOctree\Data\Final</Filter>
    </None>
    <None Include="..\..\..\src\Core\Volumetric\SparseOctree\Core.Volumetric.SparseOctree.EmptyData.tImp.hpp">
      <Filter>Fichiers sources\Core\Volumetric\SparseOctree\Data\Final</Filter>
    </None>
    <None Include="..\..\..\src\Core\Volumetric\SparseOctree\Core.Volumetric.SparseOctree.FullData.tImp.hpp">
      <Filter>Fichiers sources\Core\Volumetric\SparseOctree\Data\Final</Filter>
    </None>
  </ItemGroup>
</Project>